
Microsoft Visual Studio Solution File, Format Version 12.00
# Visual Studio Version 17
VisualStudioVersion = 17.9.34728.123
MinimumVisualStudioVersion = 10.0.40219.1
Project("{FAE04EC0-301F-11D3-BF4B-00C04F79EFBC}") = "halihali", "halihali\halihali.csproj", "{8C0B6E8F-FE2B-4AAE-AE80-8055CEC26FBD}"
EndProject
Global
	GlobalSection(SolutionConfigurationPlatforms) = preSolution
		Debug|Any CPU = Debug|Any CPU
		Release|Any CPU = Release|Any CPU
	EndGlobalSection
	GlobalSection(ProjectConfigurationPlatforms) = postSolution
		{8C0B6E8F-FE2B-4AAE-AE80-8055CEC26FBD}.Debug|Any CPU.ActiveCfg = Debug|Any CPU
		{8C0B6E8F-FE2B-4AAE-AE80-8055CEC26FBD}.Debug|Any CPU.Build.0 = Debug|Any CPU
		{8C0B6E8F-FE2B-4AAE-AE80-8055CEC26FBD}.Release|Any CPU.ActiveCfg = Release|Any CPU
		{8C0B6E8F-FE2B-4AAE-AE80-8055CEC26FBD}.Release|Any CPU.Build.0 = Release|Any CPU
	EndGlobalSection
	GlobalSection(SolutionProperties) = preSolution
		HideSolutionNode = FALSE
	EndGlobalSection
	GlobalSection(ExtensibilityGlobals) = postSolution
		SolutionGuid = {4C11F453-2F72-48BD-8CDA-38BF4CA99EB8}
	EndGlobalSection
EndGlobal
